
Microsoft Visual Studio Solution File, Format Version 12.00
# Visual Studio 2013
VisualStudioVersion = 12.0.21005.1
MinimumVisualStudioVersion = 10.0.40219.1
Project("{FAE04EC0-301F-11D3-BF4B-00C04F79EFBC}") = "Sopon", "Sopon\Sopon.csproj", "{C819C9F8-6ADA-4571-9D0B-A42D7DF43C5B}"
EndProject
Project("{FAE04EC0-301F-11D3-BF4B-00C04F79EFBC}") = "Sopon.Tests", "Sopon.Tests\Sopon.Tests.csproj", "{0D859C0B-BA84-4181-A0E1-037E6BA328A0}"
EndProject
Global
	GlobalSection(SolutionConfigurationPlatforms) = preSolution
		Debug|Any CPU = Debug|Any CPU
		Release|Any CPU = Release|Any CPU
	EndGlobalSection
	GlobalSection(ProjectConfigurationPlatforms) = postSolution
		{C819C9F8-6ADA-4571-9D0B-A42D7DF43C5B}.Debug|Any CPU.ActiveCfg = Debug|Any CPU
		{C819C9F8-6ADA-4571-9D0B-A42D7DF43C5B}.Debug|Any CPU.Build.0 = Debug|Any CPU
		{C819C9F8-6ADA-4571-9D0B-A42D7DF43C5B}.Release|Any CPU.ActiveCfg = Release|Any CPU
		{C819C9F8-6ADA-4571-9D0B-A42D7DF43C5B}.Release|Any CPU.Build.0 = Release|Any CPU
		{0D859C0B-BA84-4181-A0E1-037E6BA328A0}.Debug|Any CPU.ActiveCfg = Debug|Any CPU
		{0D859C0B-BA84-4181-A0E1-037E6BA328A0}.Debug|Any CPU.Build.0 = Debug|Any CPU
		{0D859C0B-BA84-4181-A0E1-037E6BA328A0}.Release|Any CPU.ActiveCfg = Release|Any CPU
		{0D859C0B-BA84-4181-A0E1-037E6BA328A0}.Release|Any CPU.Build.0 = Release|Any CPU
	EndGlobalSection
	GlobalSection(SolutionProperties) = preSolution
		HideSolutionNode = FALSE
	EndGlobalSection
EndGlobal
